{
  "name": "dtontfr",
  "lockfileVersion": 3,
  "requires": true,
  "packages": {
    "": {
      "dependencies": {
        "dtontfr": "^1.1.5"
      }
    },
    "node_modules/dtontfr": {
      "version": "1.1.5",
      "resolved": "https://registry.npmjs.org/dtontfr/-/dtontfr-1.1.5.tgz",
      "integrity": "sha512-nUOKIUUWdlvjMGt4RG9IleTQpBfDL32NlWzy0c3tJ0Z9btCCAPKGum3uwxxKkUGS+6bSuW0HlwnOQtvo+2bWaQ==",
      "dependencies": {
        "dtontfr": "^1.1.5"
      }
    }
  }
}
